
Microsoft Visual Studio Solution File, Format Version 12.00
# Visual Studio 15
VisualStudioVersion = 15.0.28307.1062
MinimumVisualStudioVersion = 10.0.40219.1
Project("{FAE04EC0-301F-11D3-BF4B-00C04F79EFBC}") = "quizAppMMB.Android", "quizAppMMB\quizAppMMB.Android\quizAppMMB.Android.csproj", "{A70BD6BC-DAD1-4342-B770-4822F7EE5126}"
EndProject
Project("{FAE04EC0-301F-11D3-BF4B-00C04F79EFBC}") = "quizAppMMB.iOS", "quizAppMMB\quizAppMMB.iOS\quizAppMMB.iOS.csproj", "{D17F279D-AF7C-4340-A8CD-02FB1F06086D}"
EndProject
Project("{FAE04EC0-301F-11D3-BF4B-00C04F79EFBC}") = "quizAppMMB", "quizAppMMB\quizAppMMB\quizAppMMB.csproj", "{2ACA4293-4DE1-4911-9985-EA5B8F2D6752}"
EndProject
Global
	GlobalSection(SolutionConfigurationPlatforms) = preSolution
		Ad-Hoc|Any CPU = Ad-Hoc|Any CPU
		Ad-Hoc|iPhone = Ad-Hoc|iPhone
		Ad-Hoc|iPhoneSimulator = Ad-Hoc|iPhoneSimulator
		AppStore|Any CPU = AppStore|Any CPU
		AppStore|iPhone = AppStore|iPhone
		AppStore|iPhoneSimulator = AppStore|iPhoneSimulator
		Debug|Any CPU = Debug|Any CPU
		Debug|iPhone = Debug|iPhone
		Debug|iPhoneSimulator = Debug|iPhoneSimulator
		Release|Any CPU = Release|Any CPU
		Release|iPhone = Release|iPhone
		Release|iPhoneSimulator = Release|iPhoneSimulator
	EndGlobalSection
	GlobalSection(ProjectConfigurationPlatforms) = postSolution
		{A70BD6BC-DAD1-4342-B770-4822F7EE5126}.Ad-Hoc|Any CPU.ActiveCfg = Release|Any CPU
		{A70BD6BC-DAD1-4342-B770-4822F7EE5126}.Ad-Hoc|Any CPU.Build.0 = Release|Any CPU
		{A70BD6BC-DAD1-4342-B770-4822F7EE5126}.Ad-Hoc|Any CPU.Deploy.0 = Release|Any CPU
		{A70BD6BC-DAD1-4342-B770-4822F7EE5126}.Ad-Hoc|iPhone.ActiveCfg = Release|Any CPU
		{A70BD6BC-DAD1-4342-B770-4822F7EE5126}.Ad-Hoc|iPhone.Build.0 = Release|Any CPU
		{A70BD6BC-DAD1-4342-B770-4822F7EE5126}.Ad-Hoc|iPhone.Deploy.0 = Release|Any CPU
		{A70BD6BC-DAD1-4342-B770-4822F7EE5126}.Ad-Hoc|iPhoneSimulator.ActiveCfg = Release|Any CPU
		{A70BD6BC-DAD1-4342-B770-4822F7EE5126}.Ad-Hoc|iPhoneSimulator.Build.0 = Release|Any CPU
		{A70BD6BC-DAD1-4342-B770-4822F7EE5126}.Ad-Hoc|iPhoneSimulator.Deploy.0 = Release|Any CPU
		{A70BD6BC-DAD1-4342-B770-4822F7EE5126}.AppStore|Any CPU.ActiveCfg = Release|Any CPU
		{A70BD6BC-DAD1-4342-B770-4822F7EE5126}.AppStore|Any CPU.Build.0 = Release|Any CPU
		{A70BD6BC-DAD1-4342-B770-4822F7EE5126}.AppStore|Any CPU.Deploy.0 = Release|Any CPU
		{A70BD6BC-DAD1-4342-B770-4822F7EE5126}.AppStore|iPhone.ActiveCfg = Release|Any CPU
		{A70BD6BC-DAD1-4342-B770-4822F7EE5126}.AppStore|iPhone.Build.0 = Release|Any CPU
		{A70BD6BC-DAD1-4342-B770-4822F7EE5126}.AppStore|iPhone.Deploy.0 = Release|Any CPU
		{A70BD6BC-DAD1-4342-B770-4822F7EE5126}.AppStore|iPhoneSimulator.ActiveCfg = Release|Any CPU
		{A70BD6BC-DAD1-4342-B770-4822F7EE5126}.AppStore|iPhoneSimulator.Build.0 = Release|Any CPU
		{A70BD6BC-DAD1-4342-B770-4822F7EE5126}.AppStore|iPhoneSimulator.Deploy.0 = Release|Any CPU
		{A70BD6BC-DAD1-4342-B770-4822F7EE5126}.Debug|Any CPU.ActiveCfg = Debug|Any CPU
		{A70BD6BC-DAD1-4342-B770-4822F7EE5126}.Debug|Any CPU.Build.0 = Debug|Any CPU
		{A70BD6BC-DAD1-4342-B770-4822F7EE5126}.Debug|Any CPU.Deploy.0 = Debug|Any CPU
		{A70BD6BC-DAD1-4342-B770-4822F7EE5126}.Debug|iPhone.ActiveCfg = Debug|Any CPU
		{A70BD6BC-DAD1-4342-B770-4822F7EE5126}.Debug|iPhone.Build.0 = Debug|Any CPU
		{A70BD6BC-DAD1-4342-B770-4822F7EE5126}.Debug|iPhone.Deploy.0 = Debug|Any CPU
		{A70BD6BC-DAD1-4342-B770-4822F7EE5126}.Debug|iPhoneSimulator.ActiveCfg = Debug|Any CPU
		{A70BD6BC-DAD1-4342-B770-4822F7EE5126}.Debug|iPhoneSimulator.Build.0 = Debug|Any CPU
		{A70BD6BC-DAD1-4342-B770-4822F7EE5126}.Debug|iPhoneSimulator.Deploy.0 = Debug|Any CPU
		{A70BD6BC-DAD1-4342-B770-4822F7EE5126}.Release|Any CPU.ActiveCfg = Release|Any CPU
		{A70BD6BC-DAD1-4342-B770-4822F7EE5126}.Release|Any CPU.Build.0 = Release|Any CPU
		{A70BD6BC-DAD1-4342-B770-4822F7EE5126}.Release|Any CPU.Deploy.0 = Release|Any CPU
		{A70BD6BC-DAD1-4342-B770-4822F7EE5126}.Release|iPhone.ActiveCfg = Release|Any CPU
		{A70BD6BC-DAD1-4342-B770-4822F7EE5126}.Release|iPhone.Build.0 = Release|Any CPU
		{A70BD6BC-DAD1-4342-B770-4822F7EE5126}.Release|iPhone.Deploy.0 = Release|Any CPU
		{A70BD6BC-DAD1-4342-B770-4822F7EE5126}.Release|iPhoneSimulator.ActiveCfg = Release|Any CPU
		{A70BD6BC-DAD1-4342-B770-4822F7EE5126}.Release|iPhoneSimulator.Build.0 = Release|Any CPU
		{A70BD6BC-DAD1-4342-B770-4822F7EE5126}.Release|iPhoneSimulator.Deploy.0 = Release|Any CPU
		{D17F279D-AF7C-4340-A8CD-02FB1F06086D}.Ad-Hoc|Any CPU.ActiveCfg = Ad-Hoc|iPhone
		{D17F279D-AF7C-4340-A8CD-02FB1F06086D}.Ad-Hoc|Any CPU.Build.0 = Ad-Hoc|iPhone
		{D17F279D-AF7C-4340-A8CD-02FB1F06086D}.Ad-Hoc|Any CPU.Deploy.0 = Ad-Hoc|iPhone
		{D17F279D-AF7C-4340-A8CD-02FB1F06086D}.Ad-Hoc|iPhone.ActiveCfg = Ad-Hoc|iPhone
		{D17F279D-AF7C-4340-A8CD-02FB1F06086D}.Ad-Hoc|iPhone.Build.0 = Ad-Hoc|iPhone
		{D17F279D-AF7C-4340-A8CD-02FB1F06086D}.Ad-Hoc|iPhone.Deploy.0 = Ad-Hoc|iPhone
		{D17F279D-AF7C-4340-A8CD-02FB1F06086D}.Ad-Hoc|iPhoneSimulator.ActiveCfg = Ad-Hoc|iPhoneSimulator
		{D17F279D-AF7C-4340-A8CD-02FB1F06086D}.Ad-Hoc|iPhoneSimulator.Build.0 = Ad-Hoc|iPhoneSimulator
		{D17F279D-AF7C-4340-A8CD-02FB1F06086D}.Ad-Hoc|iPhoneSimulator.Deploy.0 = Ad-Hoc|iPhoneSimulator
		{D17F279D-AF7C-4340-A8CD-02FB1F06086D}.AppStore|Any CPU.ActiveCfg = AppStore|iPhone
		{D17F279D-AF7C-4340-A8CD-02FB1F06086D}.AppStore|Any CPU.Build.0 = AppStore|iPhone
		{D17F279D-AF7C-4340-A8CD-02FB1F06086D}.AppStore|Any CPU.Deploy.0 = AppStore|iPhone
		{D17F279D-AF7C-4340-A8CD-02FB1F06086D}.AppStore|iPhone.ActiveCfg = AppStore|iPhone
		{D17F279D-AF7C-4340-A8CD-02FB1F06086D}.AppStore|iPhone.Build.0 = AppStore|iPhone
		{D17F279D-AF7C-4340-A8CD-02FB1F06086D}.AppStore|iPhone.Deploy.0 = AppStore|iPhone
		{D17F279D-AF7C-4340-A8CD-02FB1F06086D}.AppStore|iPhoneSimulator.ActiveCfg = AppStore|iPhoneSimulator
		{D17F279D-AF7C-4340-A8CD-02FB1F06086D}.AppStore|iPhoneSimulator.Build.0 = AppStore|iPhoneSimulator
		{D17F279D-AF7C-4340-A8CD-02FB1F06086D}.AppStore|iPhoneSimulator.Deploy.0 = AppStore|iPhoneSimulator
		{D17F279D-AF7C-4340-A8CD-02FB1F06086D}.Debug|Any CPU.ActiveCfg = Debug|iPhoneSimulator
		{D17F279D-AF7C-4340-A8CD-02FB1F06086D}.Debug|Any CPU.Build.0 = Debug|iPhoneSimulator
		{D17F279D-AF7C-4340-A8CD-02FB1F06086D}.Debug|Any CPU.Deploy.0 = Debug|iPhoneSimulator
		{D17F279D-AF7C-4340-A8CD-02FB1F06086D}.Debug|iPhone.ActiveCfg = Debug|iPhone
		{D17F279D-AF7C-4340-A8CD-02FB1F06086D}.Debug|iPhone.Build.0 = Debug|iPhone
		{D17F279D-AF7C-4340-A8CD-02FB1F06086D}.Debug|iPhone.Deploy.0 = Debug|iPhone
		{D17F279D-AF7C-4340-A8CD-02FB1F06086D}.Debug|iPhoneSimulator.ActiveCfg = Debug|iPhoneSimulator
		{D17F279D-AF7C-4340-A8CD-02FB1F06086D}.Debug|iPhoneSimulator.Build.0 = Debug|iPhoneSimulator
		{D17F279D-AF7C-4340-A8CD-02FB1F06086D}.Debug|iPhoneSimulator.Deploy.0 = Debug|iPhoneSimulator
		{D17F279D-AF7C-4340-A8CD-02FB1F06086D}.Release|Any CPU.ActiveCfg = Release|iPhone
		{D17F279D-AF7C-4340-A8CD-02FB1F06086D}.Release|Any CPU.Build.0 = Release|iPhone
		{D17F279D-AF7C-4340-A8CD-02FB1F06086D}.Release|Any CPU.Deploy.0 = Release|iPhone
		{D17F279D-AF7C-4340-A8CD-02FB1F06086D}.Release|iPhone.ActiveCfg = Release|iPhone
		{D17F279D-AF7C-4340-A8CD-02FB1F06086D}.Release|iPhone.Build.0 = Release|iPhone
		{D17F279D-AF7C-4340-A8CD-02FB1F06086D}.Release|iPhone.Deploy.0 = Release|iPhone
		{D17F279D-AF7C-4340-A8CD-02FB1F06086D}.Release|iPhoneSimulator.ActiveCfg = Release|iPhoneSimulator
		{D17F279D-AF7C-4340-A8CD-02FB1F06086D}.Release|iPhoneSimulator.Build.0 = Release|iPhoneSimulator
		{D17F279D-AF7C-4340-A8CD-02FB1F06086D}.Release|iPhoneSimulator.Deploy.0 = Release|iPhoneSimulator
		{2ACA4293-4DE1-4911-9985-EA5B8F2D6752}.Ad-Hoc|Any CPU.ActiveCfg = Debug|Any CPU
		{2ACA4293-4DE1-4911-9985-EA5B8F2D6752}.Ad-Hoc|Any CPU.Build.0 = Debug|Any CPU
		{2ACA4293-4DE1-4911-9985-EA5B8F2D6752}.Ad-Hoc|Any CPU.Deploy.0 = Debug|Any CPU
		{2ACA4293-4DE1-4911-9985-EA5B8F2D6752}.Ad-Hoc|iPhone.ActiveCfg = Debug|Any CPU
		{2ACA4293-4DE1-4911-9985-EA5B8F2D6752}.Ad-Hoc|iPhone.Build.0 = Debug|Any CPU
		{2ACA4293-4DE1-4911-9985-EA5B8F2D6752}.Ad-Hoc|iPhone.Deploy.0 = Debug|Any CPU
		{2ACA4293-4DE1-4911-9985-EA5B8F2D6752}.Ad-Hoc|iPhoneSimulator.ActiveCfg = Debug|Any CPU
		{2ACA4293-4DE1-4911-9985-EA5B8F2D6752}.Ad-Hoc|iPhoneSimulator.Build.0 = Debug|Any CPU
		{2ACA4293-4DE1-4911-9985-EA5B8F2D6752}.Ad-Hoc|iPhoneSimulator.Deploy.0 = Debug|Any CPU
		{2ACA4293-4DE1-4911-9985-EA5B8F2D6752}.AppStore|Any CPU.ActiveCfg = Debug|Any CPU
		{2ACA4293-4DE1-4911-9985-EA5B8F2D6752}.AppStore|Any CPU.Build.0 = Debug|Any CPU
		{2ACA4293-4DE1-4911-9985-EA5B8F2D6752}.AppStore|Any CPU.Deploy.0 = Debug|Any CPU
		{2ACA4293-4DE1-4911-9985-EA5B8F2D6752}.AppStore|iPhone.ActiveCfg = Debug|Any CPU
		{2ACA4293-4DE1-4911-9985-EA5B8F2D6752}.AppStore|iPhone.Build.0 = Debug|Any CPU
		{2ACA4293-4DE1-4911-9985-EA5B8F2D6752}.AppStore|iPhone.Deploy.0 = Debug|Any CPU
		{2ACA4293-4DE1-4911-9985-EA5B8F2D6752}.AppStore|iPhoneSimulator.ActiveCfg = Debug|Any CPU
		{2ACA4293-4DE1-4911-9985-EA5B8F2D6752}.AppStore|iPhoneSimulator.Build.0 = Debug|Any CPU
		{2ACA4293-4DE1-4911-9985-EA5B8F2D6752}.AppStore|iPhoneSimulator.Deploy.0 = Debug|Any CPU
		{2ACA4293-4DE1-4911-9985-EA5B8F2D6752}.Debug|Any CPU.ActiveCfg = Debug|Any CPU
		{2ACA4293-4DE1-4911-9985-EA5B8F2D6752}.Debug|Any CPU.Build.0 = Debug|Any CPU
		{2ACA4293-4DE1-4911-9985-EA5B8F2D6752}.Debug|Any CPU.Deploy.0 = Debug|Any CPU
		{2ACA4293-4DE1-4911-9985-EA5B8F2D6752}.Debug|iPhone.ActiveCfg = Debug|Any CPU
		{2ACA4293-4DE1-4911-9985-EA5B8F2D6752}.Debug|iPhone.Build.0 = Debug|Any CPU
		{2ACA4293-4DE1-4911-9985-EA5B8F2D6752}.Debug|iPhone.Deploy.0 = Debug|Any CPU
		{2ACA4293-4DE1-4911-9985-EA5B8F2D6752}.Debug|iPhoneSimulator.ActiveCfg = Debug|Any CPU
		{2ACA4293-4DE1-4911-9985-EA5B8F2D6752}.Debug|iPhoneSimulator.Build.0 = Debug|Any CPU
		{2ACA4293-4DE1-4911-9985-EA5B8F2D6752}.Debug|iPhoneSimulator.Deploy.0 = Debug|Any CPU
		{2ACA4293-4DE1-4911-9985-EA5B8F2D6752}.Release|Any CPU.ActiveCfg = Release|Any CPU
		{2ACA4293-4DE1-4911-9985-EA5B8F2D6752}.Release|Any CPU.Build.0 = Release|Any CPU
		{2ACA4293-4DE1-4911-9985-EA5B8F2D6752}.Release|Any CPU.Deploy.0 = Release|Any CPU
		{2ACA4293-4DE1-4911-9985-EA5B8F2D6752}.Release|iPhone.ActiveCfg = Release|Any CPU
		{2ACA4293-4DE1-4911-9985-EA5B8F2D6752}.Release|iPhone.Build.0 = Release|Any CPU
		{2ACA4293-4DE1-4911-9985-EA5B8F2D6752}.Release|iPhone.Deploy.0 = Release|Any CPU
		{2ACA4293-4DE1-4911-9985-EA5B8F2D6752}.Release|iPhoneSimulator.ActiveCfg = Release|Any CPU
		{2ACA4293-4DE1-4911-9985-EA5B8F2D6752}.Release|iPhoneSimulator.Build.0 = Release|Any CPU
		{2ACA4293-4DE1-4911-9985-EA5B8F2D6752}.Release|iPhoneSimulator.Deploy.0 = Release|Any CPU
	EndGlobalSection
	GlobalSection(SolutionProperties) = preSolution
		HideSolutionNode = FALSE
	EndGlobalSection
	GlobalSection(ExtensibilityGlobals) = postSolution
		SolutionGuid = {61C763CB-8447-4CFB-9BBB-492720D7DF0A}
	EndGlobalSection
EndGlobal
